
Microsoft Visual Studio Solution File, Format Version 12.00
Project("{FAE04EC0-301F-11D3-BF4B-00C04F79EFBC}") = "NeetCode_Solutions_CS", "NeetCode_Solutions_CS\NeetCode_Solutions_CS.csproj", "{6610C8CF-C323-47F7-A904-83B0AC862C92}"
EndProject
Global
	GlobalSection(SolutionConfigurationPlatforms) = preSolution
		Debug|Any CPU = Debug|Any CPU
		Release|Any CPU = Release|Any CPU
	EndGlobalSection
	GlobalSection(ProjectConfigurationPlatforms) = postSolution
		{6610C8CF-C323-47F7-A904-83B0AC862C92}.Debug|Any CPU.ActiveCfg = Debug|Any CPU
		{6610C8CF-C323-47F7-A904-83B0AC862C92}.Debug|Any CPU.Build.0 = Debug|Any CPU
		{6610C8CF-C323-47F7-A904-83B0AC862C92}.Release|Any CPU.ActiveCfg = Release|Any CPU
		{6610C8CF-C323-47F7-A904-83B0AC862C92}.Release|Any CPU.Build.0 = Release|Any CPU
	EndGlobalSection
EndGlobal
